<?xml version="1.0" encoding="utf-8"?>
<Project ToolsVersion="4.0" xmlns="http://schemas.microsoft.com/developer/msbuild/2003">
  <ItemGroup>
    <Filter Include="소스 파일">
      <UniqueIdentifier>{4FC737F1-C7A5-4376-A066-2A32D752A2FF}</UniqueIdentifier>
      <Extensions>cpp;c;cc;cxx;c++;cppm;ixx;def;odl;idl;hpj;bat;asm;asmx</Extensions>
    </Filter>
    <Filter Include="헤더 파일">
      <UniqueIdentifier>{93995380-89BD-4b04-88EB-625FBE52EBFB}</UniqueIdentifier>
      <Extensions>h;hh;hpp;hxx;h++;hm;inl;inc;ipp;xsd</Extensions>
    </Filter>
    <Filter Include="리소스 파일">
      <UniqueIdentifier>{67DA6AB6-F800-4c08-8B7A-83BB121AAD01}</UniqueIdentifier>
      <Extensions>rc;ico;cur;bmp;dlg;rc2;rct;bin;rgs;gif;jpg;jpeg;jpe;resx;tiff;tif;png;wav;mfcribbon-ms</Extensions>
    </Filter>
    <Filter Include="Socket">
      <UniqueIdentifier>{f3410eef-29f9-4e22-b4cd-3f23b65808f1}</UniqueIdentifier>
    </Filter>
    <Filter Include="Socket\소스 파일">
      <UniqueIdentifier>{526a00b2-6946-4b06-b81b-08ad8517b823}</UniqueIdentifier>
    </Filter>
    <Filter Include="Socket\헤더 파일">
      <UniqueIdentifier>{88a4a435-8475-4d81-9429-8b9f32d8272c}</UniqueIdentifier>
    </Filter>
  </ItemGroup>
  <ItemGroup>
    <ClCompile Include="main.cpp">
      <Filter>소스 파일</Filter>
    </ClCompile>
    <ClCompile Include="IOCPServer.cpp">
      <Filter>소스 파일</Filter>
    </ClCompile>
    <ClCompile Include="Error.cpp">
      <Filter>소스 파일</Filter>
    </ClCompile>
    <ClCompile Include="TCPConnectSocket.cpp">
      <Filter>Socket\소스 파일</Filter>
    </ClCompile>
    <ClCompile Include="SocketAddress.cpp">
      <Filter>Socket\소스 파일</Filter>
    </ClCompile>
    <ClCompile Include="TCPListenSocket.cpp">
      <Filter>Socket\소스 파일</Filter>
    </ClCompile>
    <ClCompile Include="TCPSocket.cpp">
      <Filter>Socket\소스 파일</Filter>
    </ClCompile>
    <ClCompile Include="UDPSocket.cpp">
      <Filter>Socket\소스 파일</Filter>
    </ClCompile>
    <ClCompile Include="SocketFunction.cpp">
      <Filter>Socket\소스 파일</Filter>
    </ClCompile>
    <ClCompile Include="MemoryStream.cpp">
      <Filter>소스 파일</Filter>
    </ClCompile>
  </ItemGroup>
  <ItemGroup>
    <ClInclude Include="Define.h">
      <Filter>헤더 파일</Filter>
    </ClInclude>
    <ClInclude Include="IOCPServer.h">
      <Filter>헤더 파일</Filter>
    </ClInclude>
    <ClInclude Include="Error.h">
      <Filter>헤더 파일</Filter>
    </ClInclude>
    <ClInclude Include="Singleton.h">
      <Filter>헤더 파일</Filter>
    </ClInclude>
    <ClInclude Include="OverlappedEx.h">
      <Filter>헤더 파일</Filter>
    </ClInclude>
    <ClInclude Include="BaseSocket.h">
      <Filter>Socket\헤더 파일</Filter>
    </ClInclude>
    <ClInclude Include="SocketAddress.h">
      <Filter>Socket\헤더 파일</Filter>
    </ClInclude>
    <ClInclude Include="TCPConnectSocket.h">
      <Filter>Socket\헤더 파일</Filter>
    </ClInclude>
    <ClInclude Include="TCPListenSocket.h">
      <Filter>Socket\헤더 파일</Filter>
    </ClInclude>
    <ClInclude Include="TCPSocket.h">
      <Filter>Socket\헤더 파일</Filter>
    </ClInclude>
    <ClInclude Include="UDPSocket.h">
      <Filter>Socket\헤더 파일</Filter>
    </ClInclude>
    <ClInclude Include="SocketFunction.h">
      <Filter>Socket\헤더 파일</Filter>
    </ClInclude>
    <ClInclude Include="MemoryStream.h">
      <Filter>헤더 파일</Filter>
    </ClInclude>
  </ItemGroup>
</Project>